
Microsoft Visual Studio Solution File, Format Version 12.00
# Visual Studio Version 16
VisualStudioVersion = 16.0.31911.196
MinimumVisualStudioVersion = 10.0.40219.1
Project("{FAE04EC0-301F-11D3-BF4B-00C04F79EFBC}") = "Blockly", "Blockly\Blockly.csproj", "{7111F986-42EC-4719-AECC-CD1ED84EE6F4}"
EndProject
Global
	GlobalSection(SolutionConfigurationPlatforms) = preSolution
		Debug|Any CPU = Debug|Any CPU
		Release|Any CPU = Release|Any CPU
	EndGlobalSection
	GlobalSection(ProjectConfigurationPlatforms) = postSolution
		{7111F986-42EC-4719-AECC-CD1ED84EE6F4}.Debug|Any CPU.ActiveCfg = Debug|Any CPU
		{7111F986-42EC-4719-AECC-CD1ED84EE6F4}.Debug|Any CPU.Build.0 = Debug|Any CPU
		{7111F986-42EC-4719-AECC-CD1ED84EE6F4}.Release|Any CPU.ActiveCfg = Release|Any CPU
		{7111F986-42EC-4719-AECC-CD1ED84EE6F4}.Release|Any CPU.Build.0 = Release|Any CPU
	EndGlobalSection
	GlobalSection(SolutionProperties) = preSolution
		HideSolutionNode = FALSE
	EndGlobalSection
	GlobalSection(ExtensibilityGlobals) = postSolution
		SolutionGuid = {50E9588B-06F6-43F0-A49F-514AA4B83585}
	EndGlobalSection
EndGlobal
